{
  "version": 4,
  "terraform_version": "1.9.5",
  "serial": 125,
  "lineage": "92c53e0a-01cd-6766-113e-a2014673bdef",
  "outputs": {
    "csvdata": {
      "value": [
        {
          "AWSAccountNumber": "224761220970",
          "Alert1Emails": "camleous@yahoo.com",
          "Alert1Threshold": "50",
          "Alert1Trigger": "ACTUAL",
          "Alert2Emails": "camleous@yahoo.com",
          "Alert2Threshold": "75",
          "Alert2Trigger": "ACTUAL",
          "Alert3Emails": "camleous@yahoo.com",
          "Alert3Threshold": "100",
          "Alert3Trigger": "ACTUAL",
          "Alert4Emails": "camleous@yahoo.com",
          "Alert4Threshold": "100",
          "Alert4Trigger": "FORECASTED",
          "BudgetAmount": "2",
          "BudgetName": "ABC Operations DEV Account Overall Budget",
          "BudgetScope": "All AWS services (Recommended)",
          "EndMonth": "2025-04-01_00:00",
          "Period": "monthly",
          "SnsSubscriber": "arn:aws:sns:us-east-1:224761220970:budget-updates-topic",
          "StartMonth": "2025-03-01_00:00"
        },
        {
          "AWSAccountNumber": "224761220970",
          "Alert1Emails": "camleous@yahoo.com",
          "Alert1Threshold": "50",
          "Alert1Trigger": "ACTUAL",
          "Alert2Emails": "camleous@yahoo.com",
          "Alert2Threshold": "75",
          "Alert2Trigger": "ACTUAL",
          "Alert3Emails": "camleous@yahoo.com",
          "Alert3Threshold": "100",
          "Alert3Trigger": "ACTUAL",
          "Alert4Emails": "camleous@yahoo.com",
          "Alert4Threshold": "100",
          "Alert4Trigger": "FORECASTED",
          "BudgetAmount": "19",
          "BudgetName": "ABC Operations PROD Account Overall Budget",
          "BudgetScope": "All AWS services (Recommended)",
          "EndMonth": "2025-04-01_00:00",
          "Period": "monthly",
          "SnsSubscriber": "arn:aws:sns:us-east-1:224761220970:budget-updates-topic",
          "StartMonth": "2025-03-01_00:00"
        },
        {
          "AWSAccountNumber": "224761220970",
          "Alert1Emails": "camleous@yahoo.com",
          "Alert1Threshold": "50",
          "Alert1Trigger": "ACTUAL",
          "Alert2Emails": "camleous@yahoo.com",
          "Alert2Threshold": "75",
          "Alert2Trigger": "ACTUAL",
          "Alert3Emails": "camleous@yahoo.com",
          "Alert3Threshold": "100",
          "Alert3Trigger": "ACTUAL",
          "Alert4Emails": "camleous@yahoo.com",
          "Alert4Threshold": "100",
          "Alert4Trigger": "FORECASTED",
          "BudgetAmount": "20",
          "BudgetName": "ABC Cloud Workloads FIN DEV Account Overall Budget",
          "BudgetScope": "All AWS services (Recommended)",
          "EndMonth": "2025-04-01_00:00",
          "Period": "monthly",
          "SnsSubscriber": "arn:aws:sns:us-east-1:224761220970:budget-updates-topic",
          "StartMonth": "2025-03-01_00:00"
        }
      ],
      "type": [
        "list",
        [
          "object",
          {
            "AWSAccountNumber": "string",
            "Alert1Emails": "string",
            "Alert1Threshold": "string",
            "Alert1Trigger": "string",
            "Alert2Emails": "string",
            "Alert2Threshold": "string",
            "Alert2Trigger": "string",
            "Alert3Emails": "string",
            "Alert3Threshold": "string",
            "Alert3Trigger": "string",
            "Alert4Emails": "string",
            "Alert4Threshold": "string",
            "Alert4Trigger": "string",
            "BudgetAmount": "string",
            "BudgetName": "string",
            "BudgetScope": "string",
            "EndMonth": "string",
            "Period": "string",
            "SnsSubscriber": "string",
            "StartMonth": "string"
          }
        ]
      ]
    }
  },
  "resources": [
    {
      "mode": "data",
      "type": "aws_caller_identity",
      "name": "current",
      "provider": "provider[\"registry.terraform.io/hashicorp/aws\"]",
      "instances": [
        {
          "schema_version": 0,
          "attributes": {
            "account_id": "224761220970",
            "arn": "arn:aws:sts::224761220970:assumed-role/AWSReservedSSO_AdministratorAccess_b9a945acea2c3e46/abby",
            "id": "224761220970",
            "user_id": "AROATIVGQB5VP7BFLTQPY:abby"
          },
          "sensitive_attributes": []
        }
      ]
    },
    {
      "mode": "managed",
      "type": "aws_budgets_budget",
      "name": "budget_notification",
      "provider": "provider[\"registry.terraform.io/hashicorp/aws\"]",
      "instances": [
        {
          "index_key": "ABC Cloud Workloads FIN DEV Account Overall Budget",
          "schema_version": 0,
          "attributes": {
            "account_id": "224761220970",
            "arn": "arn:aws:budgets::224761220970:budget/ABC Cloud Workloads FIN DEV Account Overall Budget",
            "auto_adjust_data": [],
            "budget_type": "COST",
            "cost_filter": [],
            "cost_types": [
              {
                "include_credit": true,
                "include_discount": true,
                "include_other_subscription": true,
                "include_recurring": true,
                "include_refund": true,
                "include_subscription": true,
                "include_support": true,
                "include_tax": true,
                "include_upfront": true,
                "use_amortized": false,
                "use_blended": false
              }
            ],
            "id": "224761220970:ABC Cloud Workloads FIN DEV Account Overall Budget",
            "limit_amount": "20.0",
            "limit_unit": "USD",
            "name": "ABC Cloud Workloads FIN DEV Account Overall Budget",
            "name_prefix": "",
            "notification": [
              {
                "comparison_operator": "GREATER_THAN",
                "notification_type": "ACTUAL",
                "subscriber_email_addresses": [
                  "camleous@yahoo.com"
                ],
                "subscriber_sns_topic_arns": [],
                "threshold": 100,
                "threshold_type": "PERCENTAGE"
              },
              {
                "comparison_operator": "GREATER_THAN",
                "notification_type": "ACTUAL",
                "subscriber_email_addresses": [
                  "camleous@yahoo.com"
                ],
                "subscriber_sns_topic_arns": [],
                "threshold": 80,
                "threshold_type": "PERCENTAGE"
              },
              {
                "comparison_operator": "GREATER_THAN",
                "notification_type": "FORECASTED",
                "subscriber_email_addresses": [],
                "subscriber_sns_topic_arns": [
                  "arn:aws:sns:us-east-1:224761220970:budget-updates-topic"
                ],
                "threshold": 100,
                "threshold_type": "PERCENTAGE"
              }
            ],
            "planned_limit": [],
            "tags": {},
            "tags_all": {},
            "time_period_end": "2087-06-15_00:00",
            "time_period_start": "2025-05-01_00:00",
            "time_unit": "MONTHLY"
          },
          "sensitive_attributes": [],
          "private": "bnVsbA=="
        },
        {
          "index_key": "ABC Operations DEV Account Overall Budget",
          "schema_version": 0,
          "attributes": {
            "account_id": "224761220970",
            "arn": "arn:aws:budgets::224761220970:budget/ABC Operations DEV Account Overall Budget",
            "auto_adjust_data": [],
            "budget_type": "COST",
            "cost_filter": [],
            "cost_types": [
              {
                "include_credit": true,
                "include_discount": true,
                "include_other_subscription": true,
                "include_recurring": true,
                "include_refund": true,
                "include_subscription": true,
                "include_support": true,
                "include_tax": true,
                "include_upfront": true,
                "use_amortized": false,
                "use_blended": false
              }
            ],
            "id": "224761220970:ABC Operations DEV Account Overall Budget",
            "limit_amount": "2.0",
            "limit_unit": "USD",
            "name": "ABC Operations DEV Account Overall Budget",
            "name_prefix": "",
            "notification": [
              {
                "comparison_operator": "GREATER_THAN",
                "notification_type": "ACTUAL",
                "subscriber_email_addresses": [
                  "camleous@yahoo.com"
                ],
                "subscriber_sns_topic_arns": [],
                "threshold": 100,
                "threshold_type": "PERCENTAGE"
              },
              {
                "comparison_operator": "GREATER_THAN",
                "notification_type": "ACTUAL",
                "subscriber_email_addresses": [
                  "camleous@yahoo.com"
                ],
                "subscriber_sns_topic_arns": [],
                "threshold": 80,
                "threshold_type": "PERCENTAGE"
              },
              {
                "comparison_operator": "GREATER_THAN",
                "notification_type": "FORECASTED",
                "subscriber_email_addresses": [],
                "subscriber_sns_topic_arns": [
                  "arn:aws:sns:us-east-1:224761220970:budget-updates-topic"
                ],
                "threshold": 100,
                "threshold_type": "PERCENTAGE"
              }
            ],
            "planned_limit": [],
            "tags": {},
            "tags_all": {},
            "time_period_end": "2087-06-15_00:00",
            "time_period_start": "2025-05-01_00:00",
            "time_unit": "MONTHLY"
          },
          "sensitive_attributes": [],
          "private": "bnVsbA=="
        },
        {
          "index_key": "ABC Operations PROD Account Overall Budget",
          "schema_version": 0,
          "attributes": {
            "account_id": "224761220970",
            "arn": "arn:aws:budgets::224761220970:budget/ABC Operations PROD Account Overall Budget",
            "auto_adjust_data": [],
            "budget_type": "COST",
            "cost_filter": [],
            "cost_types": [
              {
                "include_credit": true,
                "include_discount": true,
                "include_other_subscription": true,
                "include_recurring": true,
                "include_refund": true,
                "include_subscription": true,
                "include_support": true,
                "include_tax": true,
                "include_upfront": true,
                "use_amortized": false,
                "use_blended": false
              }
            ],
            "id": "224761220970:ABC Operations PROD Account Overall Budget",
            "limit_amount": "19.0",
            "limit_unit": "USD",
            "name": "ABC Operations PROD Account Overall Budget",
            "name_prefix": "",
            "notification": [
              {
                "comparison_operator": "GREATER_THAN",
                "notification_type": "ACTUAL",
                "subscriber_email_addresses": [
                  "camleous@yahoo.com"
                ],
                "subscriber_sns_topic_arns": [],
                "threshold": 100,
                "threshold_type": "PERCENTAGE"
              },
              {
                "comparison_operator": "GREATER_THAN",
                "notification_type": "ACTUAL",
                "subscriber_email_addresses": [
                  "camleous@yahoo.com"
                ],
                "subscriber_sns_topic_arns": [],
                "threshold": 80,
                "threshold_type": "PERCENTAGE"
              },
              {
                "comparison_operator": "GREATER_THAN",
                "notification_type": "FORECASTED",
                "subscriber_email_addresses": [],
                "subscriber_sns_topic_arns": [
                  "arn:aws:sns:us-east-1:224761220970:budget-updates-topic"
                ],
                "threshold": 100,
                "threshold_type": "PERCENTAGE"
              }
            ],
            "planned_limit": [],
            "tags": {},
            "tags_all": {},
            "time_period_end": "2087-06-15_00:00",
            "time_period_start": "2025-05-01_00:00",
            "time_unit": "MONTHLY"
          },
          "sensitive_attributes": [],
          "private": "bnVsbA=="
        }
      ]
    },
    {
      "mode": "managed",
      "type": "aws_iam_openid_connect_provider",
      "name": "github",
      "provider": "provider[\"registry.terraform.io/hashicorp/aws\"]",
      "instances": [
        {
          "schema_version": 0,
          "attributes": {
            "arn": "arn:aws:iam::224761220970:oidc-provider/token.actions.githubusercontent.com",
            "client_id_list": [
              "sts.amazonaws.com"
            ],
            "id": "arn:aws:iam::224761220970:oidc-provider/token.actions.githubusercontent.com",
            "tags": {},
            "tags_all": {},
            "thumbprint_list": [
              "74f3a68f16524f15424927704c9506f55a9316bd"
            ],
            "url": "token.actions.githubusercontent.com"
          },
          "sensitive_attributes": [],
          "private": "bnVsbA=="
        }
      ]
    },
    {
      "mode": "managed",
      "type": "aws_iam_policy",
      "name": "budgets_view_policy",
      "provider": "provider[\"registry.terraform.io/hashicorp/aws\"]",
      "instances": [
        {
          "schema_version": 0,
          "attributes": {
            "arn": "arn:aws:iam::224761220970:policy/budgets-view-policy",
            "attachment_count": 1,
            "description": "Allows viewing AWS Budgets",
            "id": "arn:aws:iam::224761220970:policy/budgets-view-policy",
            "name": "budgets-view-policy",
            "name_prefix": "",
            "path": "/",
            "policy": "{\"Statement\":[{\"Action\":[\"budgets:ViewBudget\",\"iam:GetPolicy\",\"iam:GetPolicyVersion\",\"budgets:ListTagsForResource\"],\"Effect\":\"Allow\",\"Resource\":\"*\"}],\"Version\":\"2012-10-17\"}",
            "policy_id": "ANPATIVGQB5VKIB352ATK",
            "tags": {},
            "tags_all": {}
          },
          "sensitive_attributes": [],
          "private": "bnVsbA=="
        }
      ]
    },
    {
      "mode": "managed",
      "type": "aws_iam_role",
      "name": "github_oidc_role",
      "provider": "provider[\"registry.terraform.io/hashicorp/aws\"]",
      "instances": [
        {
          "schema_version": 0,
          "attributes": {
            "arn": "arn:aws:iam::224761220970:role/GitHubActionsOIDCRole",
            "assume_role_policy": "{\"Statement\":[{\"Action\":\"sts:AssumeRoleWithWebIdentity\",\"Condition\":{\"StringEquals\":{\"token.actions.githubusercontent.com:aud\":\"sts.amazonaws.com\"},\"StringLike\":{\"token.actions.githubusercontent.com:sub\":\"repo:abbysac/billing:*\"}},\"Effect\":\"Allow\",\"Principal\":{\"Federated\":\"arn:aws:iam::224761220970:oidc-provider/token.actions.githubusercontent.com\"}}],\"Version\":\"2012-10-17\"}",
            "create_date": "2025-05-02T16:05:08Z",
            "description": "",
            "force_detach_policies": false,
            "id": "GitHubActionsOIDCRole",
            "inline_policy": [
              {
                "name": "list-role-policies",
                "policy": "{\"Version\":\"2012-10-17\",\"Statement\":[{\"Action\":[\"iam:ListRolePolicies\",\"iam:GetOpenIDConnectProvider\",\"iam:GetRole\",\"iam:GetRolePolicy\",\"iam:ListAttachedRolePolicies\"],\"Effect\":\"Allow\",\"Resource\":[\"arn:aws:iam::224761220970:role/GitHubActionsOIDCRole\",\"arn:aws:iam::224761220970:oidc-provider/token.actions.githubusercontent.com\"]}]}"
              }
            ],
            "managed_policy_arns": [
              "arn:aws:iam::224761220970:policy/budgets-view-policy"
            ],
            "max_session_duration": 3600,
            "name": "GitHubActionsOIDCRole",
            "name_prefix": "",
            "path": "/",
            "permissions_boundary": "",
            "tags": {},
            "tags_all": {},
            "unique_id": "AROATIVGQB5VEEVPI6R5A"
          },
          "sensitive_attributes": [],
          "private": "bnVsbA==",
          "dependencies": [
            "aws_iam_openid_connect_provider.github"
          ]
        }
      ]
    },
    {
      "mode": "managed",
      "type": "aws_iam_role_policy",
      "name": "github_oidc_policy",
      "provider": "provider[\"registry.terraform.io/hashicorp/aws\"]",
      "instances": [
        {
          "schema_version": 0,
          "attributes": {
            "id": "GitHubActionsOIDCRole:list-role-policies",
            "name": "list-role-policies",
            "name_prefix": "",
            "policy": "{\"Version\":\"2012-10-17\",\"Statement\":[{\"Action\":[\"iam:ListRolePolicies\",\"iam:GetOpenIDConnectProvider\",\"iam:GetRole\",\"iam:GetRolePolicy\",\"iam:ListAttachedRolePolicies\"],\"Effect\":\"Allow\",\"Resource\":[\"arn:aws:iam::224761220970:role/GitHubActionsOIDCRole\",\"arn:aws:iam::224761220970:oidc-provider/token.actions.githubusercontent.com\"]}]}",
            "role": "GitHubActionsOIDCRole"
          },
          "sensitive_attributes": [],
          "private": "bnVsbA==",
          "dependencies": [
            "aws_iam_openid_connect_provider.github",
            "aws_iam_role.github_oidc_role"
          ]
        }
      ]
    },
    {
      "mode": "managed",
      "type": "aws_iam_role_policy_attachment",
      "name": "budgets_view_attachment",
      "provider": "provider[\"registry.terraform.io/hashicorp/aws\"]",
      "instances": [
        {
          "schema_version": 0,
          "attributes": {
            "id": "GitHubActionsOIDCRole-20250503062903860200000001",
            "policy_arn": "arn:aws:iam::224761220970:policy/budgets-view-policy",
            "role": "GitHubActionsOIDCRole"
          },
          "sensitive_attributes": [],
          "private": "bnVsbA==",
          "dependencies": [
            "aws_iam_openid_connect_provider.github",
            "aws_iam_policy.budgets_view_policy",
            "aws_iam_role.github_oidc_role"
          ]
        }
      ]
    }
  ],
  "check_results": null
}
